
Microsoft Visual Studio Solution File, Format Version 11.00
# Visual Studio 2010
Project("{FAE04EC0-301F-11D3-BF4B-00C04F79EFBC}") = "Assembly-CSharp", "Assembly-CSharp.csproj", "{88c65dc2-13d4-dd5c-8f9c-36ee50cccf56}"
EndProject
Project("{FAE04EC0-301F-11D3-BF4B-00C04F79EFBC}") = "RoadArchitect", "RoadArchitect.csproj", "{3c947c3c-447c-9e96-b291-1186167d6667}"
EndProject
Global
	GlobalSection(SolutionConfigurationPlatforms) = preSolution
		Debug|Any CPU = Debug|Any CPU
	EndGlobalSection
	GlobalSection(ProjectConfigurationPlatforms) = postSolution
		{88c65dc2-13d4-dd5c-8f9c-36ee50cccf56}.Debug|Any CPU.ActiveCfg = Debug|Any CPU
		{88c65dc2-13d4-dd5c-8f9c-36ee50cccf56}.Debug|Any CPU.Build.0 = Debug|Any CPU
		{3c947c3c-447c-9e96-b291-1186167d6667}.Debug|Any CPU.ActiveCfg = Debug|Any CPU
		{3c947c3c-447c-9e96-b291-1186167d6667}.Debug|Any CPU.Build.0 = Debug|Any CPU
	EndGlobalSection
	GlobalSection(SolutionProperties) = preSolution
		HideSolutionNode = FALSE
	EndGlobalSection
EndGlobal
